
Microsoft Visual Studio Solution File, Format Version 12.00
# Visual Studio Version 17
VisualStudioVersion = 17.4.33122.133
MinimumVisualStudioVersion = 10.0.40219.1
Project("{FAE04EC0-301F-11D3-BF4B-00C04F79EFBC}") = "FileTask", "FileTask.csproj", "{02B00138-1E0B-46BB-8CEF-FC9446D6B279}"
EndProject
Global
	GlobalSection(SolutionConfigurationPlatforms) = preSolution
		Debug|Any CPU = Debug|Any CPU
		Release|Any CPU = Release|Any CPU
	EndGlobalSection
	GlobalSection(ProjectConfigurationPlatforms) = postSolution
		{02B00138-1E0B-46BB-8CEF-FC9446D6B279}.Debug|Any CPU.ActiveCfg = Debug|Any CPU
		{02B00138-1E0B-46BB-8CEF-FC9446D6B279}.Debug|Any CPU.Build.0 = Debug|Any CPU
		{02B00138-1E0B-46BB-8CEF-FC9446D6B279}.Release|Any CPU.ActiveCfg = Release|Any CPU
		{02B00138-1E0B-46BB-8CEF-FC9446D6B279}.Release|Any CPU.Build.0 = Release|Any CPU
	EndGlobalSection
	GlobalSection(SolutionProperties) = preSolution
		HideSolutionNode = FALSE
	EndGlobalSection
	GlobalSection(ExtensibilityGlobals) = postSolution
		SolutionGuid = {E6AC2156-427C-489E-9686-E828C5DD0137}
	EndGlobalSection
EndGlobal
